
Microsoft Visual Studio Solution File, Format Version 12.00
# Visual Studio Version 17
VisualStudioVersion = 17.0.31903.59
MinimumVisualStudioVersion = 10.0.40219.1
Project("{9A19103F-16F7-4668-BE54-9A1E7A4F7556}") = "WebPaymentsApp", "WebPaymentsApp\WebPaymentsApp.csproj", "{FBE18F3D-188C-444D-BB23-BA40A2F82AEA}"
EndProject
Global
	GlobalSection(SolutionConfigurationPlatforms) = preSolution
		Debug|Any CPU = Debug|Any CPU
		Release|Any CPU = Release|Any CPU
	EndGlobalSection
	GlobalSection(ProjectConfigurationPlatforms) = postSolution
		{FBE18F3D-188C-444D-BB23-BA40A2F82AEA}.Debug|Any CPU.ActiveCfg = Debug|Any CPU
		{FBE18F3D-188C-444D-BB23-BA40A2F82AEA}.Debug|Any CPU.Build.0 = Debug|Any CPU
		{FBE18F3D-188C-444D-BB23-BA40A2F82AEA}.Release|Any CPU.ActiveCfg = Release|Any CPU
		{FBE18F3D-188C-444D-BB23-BA40A2F82AEA}.Release|Any CPU.Build.0 = Release|Any CPU
	EndGlobalSection
	GlobalSection(SolutionProperties) = preSolution
		HideSolutionNode = FALSE
	EndGlobalSection
	GlobalSection(ExtensibilityGlobals) = postSolution
		SolutionGuid = {5453D555-2E97-49F0-8418-DB4982B93EA2}
	EndGlobalSection
EndGlobal
